
Microsoft Visual Studio Solution File, Format Version 12.00
# Visual Studio Version 17
VisualStudioVersion = 17.14.36408.4
MinimumVisualStudioVersion = 10.0.40219.1
Project("{FAE04EC0-301F-11D3-BF4B-00C04F79EFBC}") = "RazorPages", "RazorPages.csproj", "{77298876-F2C2-4251-9BDE-0F5F6AFEF09F}"
EndProject
Global
	GlobalSection(SolutionConfigurationPlatforms) = preSolution
		Debug|Any CPU = Debug|Any CPU
		Release|Any CPU = Release|Any CPU
	EndGlobalSection
	GlobalSection(ProjectConfigurationPlatforms) = postSolution
		{77298876-F2C2-4251-9BDE-0F5F6AFEF09F}.Debug|Any CPU.ActiveCfg = Debug|Any CPU
		{77298876-F2C2-4251-9BDE-0F5F6AFEF09F}.Debug|Any CPU.Build.0 = Debug|Any CPU
		{77298876-F2C2-4251-9BDE-0F5F6AFEF09F}.Release|Any CPU.ActiveCfg = Release|Any CPU
		{77298876-F2C2-4251-9BDE-0F5F6AFEF09F}.Release|Any CPU.Build.0 = Release|Any CPU
	EndGlobalSection
	GlobalSection(SolutionProperties) = preSolution
		HideSolutionNode = FALSE
	EndGlobalSection
	GlobalSection(ExtensibilityGlobals) = postSolution
		SolutionGuid = {D0F02A21-1E38-455A-B6E6-DC75BA1224C2}
	EndGlobalSection
EndGlobal
